{
  "version": 4,
  "terraform_version": "1.12.1",
  "serial": 4,
  "lineage": "fa147cc5-0706-529e-bb4b-f84c87f3dfa2",
  "outputs": {},
  "resources": [
    {
      "mode": "managed",
      "type": "local_file",
      "name": "my_animal",
      "provider": "provider[\"registry.terraform.io/hashicorp/local\"]",
      "instances": [
        {
          "schema_version": 0,
          "attributes": {
            "content": "I love my dog",
            "content_base64": null,
            "content_base64sha256": "AClFGvbj1C+NsIKPyvKkBOotwE8sLlpMWiTy0JeOhMM=",
            "content_base64sha512": "yuaot5ofdib6+EsrRZHI9lElCqMmGroFfelP3kT7EchNKlktWIBh2FxlOAG6IR3SZvj8Z/mx6ZkApK7pzKj2fg==",
            "content_md5": "aca5af8467c3758c8e39f0947fd618e0",
            "content_sha1": "3e6b4d2b2b04b9234f9f8ce1637233eac18bb723",
            "content_sha256": "0029451af6e3d42f8db0828fcaf2a404ea2dc04f2c2e5a4c5a24f2d0978e84c3",
            "content_sha512": "cae6a8b79a1f7626faf84b2b4591c8f651250aa3261aba057de94fde44fb11c84d2a592d588061d85c653801ba211dd266f8fc67f9b1e99900a4aee9cca8f67e",
            "directory_permission": "0777",
            "file_permission": "0777",
            "filename": "pets.txt",
            "id": "3e6b4d2b2b04b9234f9f8ce1637233eac18bb723",
            "sensitive_content": null,
            "source": null
          },
          "sensitive_attributes": [
            [
              {
                "type": "get_attr",
                "value": "sensitive_content"
              }
            ]
          ],
          "identity_schema_version": 0,
          "create_before_destroy": true
        }
      ]
    },
    {
      "mode": "managed",
      "type": "random_pet",
      "name": "petname",
      "provider": "provider[\"registry.terraform.io/hashicorp/random\"]",
      "instances": [
        {
          "schema_version": 0,
          "attributes": {
            "id": "MR.swan",
            "keepers": null,
            "length": 1,
            "prefix": "MR",
            "separator": "."
          },
          "sensitive_attributes": [],
          "identity_schema_version": 0
        }
      ]
    }
  ],
  "check_results": null
}
